{
  "name": "@lokibai/leetcode-spider",
  "version": "1.1.8",
  "lockfileVersion": 1,
  "requires": true,
  "dependencies": {
    "@types/parse5": {
      "version": "5.0.3",
      "resolved": "https://registry.npm.taobao.org/@types/parse5/download/@types/parse5-5.0.3.tgz",
      "integrity": "sha1-57Wuu6wVD4tf3UpG5/C9jmXhkQk="
    },
    "@types/unist": {
      "version": "2.0.3",
      "resolved": "https://registry.npm.taobao.org/@types/unist/download/@types/unist-2.0.3.tgz",
      "integrity": "sha1-nAiGeYdvN061mD8VDUeHqm+zLX4="
    },
    "asynckit": {
      "version": "0.4.0",
      "resolved": "https://registry.npmjs.org/asynckit/-/asynckit-0.4.0.tgz",
      "integrity": "sha1-x57Zf380y48robyXkLzDZkdLS3k="
    },
    "axios": {
      "version": "0.19.0",
      "resolved": "https://registry.npmjs.org/axios/-/axios-0.19.0.tgz",
      "integrity": "sha512-1uvKqKQta3KBxIz14F2v06AEHZ/dIoeKfbTRkK1E5oqjDnuEerLmYTgJB5AiQZHJcljpg1TuRzdjDR06qNk0DQ==",
      "requires": {
        "follow-redirects": "1.5.10",
        "is-buffer": "^2.0.2"
      }
    },
    "bail": {
      "version": "1.0.5",
      "resolved": "https://registry.npm.taobao.org/bail/download/bail-1.0.5.tgz",
      "integrity": "sha1-tvoTNASjksvB+MS/Y/WVM1Hnp3Y="
    },
    "ccount": {
      "version": "1.0.5",
      "resolved": "https://registry.npm.taobao.org/ccount/download/ccount-1.0.5.tgz",
      "integrity": "sha1-rIKpRJBaZc4gTrAwIxV+3ylCXBc="
    },
    "character-entities": {
      "version": "1.2.4",
      "resolved": "https://registry.npm.taobao.org/character-entities/download/character-entities-1.2.4.tgz",
      "integrity": "sha1-4Sw5Obfq9OWxXnrUxeKOHUjFsWs="
    },
    "character-entities-html4": {
      "version": "1.1.4",
      "resolved": "https://registry.npm.taobao.org/character-entities-html4/download/character-entities-html4-1.1.4.tgz",
      "integrity": "sha1-DmSwo3U92/H9wETF/QHQGZoC4SU="
    },
    "character-entities-legacy": {
      "version": "1.1.4",
      "resolved": "https://registry.npm.taobao.org/character-entities-legacy/download/character-entities-legacy-1.1.4.tgz",
      "integrity": "sha1-lLwYRdznClu50uzHSHJWYSk9j8E="
    },
    "character-reference-invalid": {
      "version": "1.1.4",
      "resolved": "https://registry.npm.taobao.org/character-reference-invalid/download/character-reference-invalid-1.1.4.tgz",
      "integrity": "sha1-CDMpzaDq4nKrPbvzfpo4LBOvFWA="
    },
    "collapse-white-space": {
      "version": "1.0.6",
      "resolved": "https://registry.npm.taobao.org/collapse-white-space/download/collapse-white-space-1.0.6.tgz",
      "integrity": "sha1-5jYpwAFmZXkgYNu+t5xCI50sUoc="
    },
    "combined-stream": {
      "version": "1.0.8",
      "resolved": "https://registry.npmjs.org/combined-stream/-/combined-stream-1.0.8.tgz",
      "integrity": "sha512-FQN4MRfuJeHf7cBbBMJFXhKSDq+2kAArBlmRBvcvFE5BB1HZKXtSFASDhdlz9zOYwxh8lDdnvmMOe/+5cdoEdg==",
      "requires": {
        "delayed-stream": "~1.0.0"
      }
    },
    "comma-separated-tokens": {
      "version": "1.0.8",
      "resolved": "https://registry.npm.taobao.org/comma-separated-tokens/download/comma-separated-tokens-1.0.8.tgz",
      "integrity": "sha1-YyuAthF4Z6FY8QgK1Jiy++fj9eo="
    },
    "debug": {
      "version": "3.1.0",
      "resolved": "https://registry.npmjs.org/debug/-/debug-3.1.0.tgz",
      "integrity": "sha512-OX8XqP7/1a9cqkxYw2yXss15f26NKWBpDXQd0/uK/KPqdQhxbPa994hnzjcE2VqQpDslf55723cKPUOGSmMY3g==",
      "requires": {
        "ms": "2.0.0"
      }
    },
    "delayed-stream": {
      "version": "1.0.0",
      "resolved": "https://registry.npmjs.org/delayed-stream/-/delayed-stream-1.0.0.tgz",
      "integrity": "sha1-3zrhmayt+31ECqrgsp4icrJOxhk="
    },
    "extend": {
      "version": "3.0.2",
      "resolved": "https://registry.npm.taobao.org/extend/download/extend-3.0.2.tgz",
      "integrity": "sha1-+LETa0Bx+9jrFAr/hYsQGewpFfo="
    },
    "follow-redirects": {
      "version": "1.5.10",
      "resolved": "https://registry.npmjs.org/follow-redirects/-/follow-redirects-1.5.10.tgz",
      "integrity": "sha512-0V5l4Cizzvqt5D44aTXbFZz+FtyXV1vrDN6qrelxtfYQKW0KO0W2T/hkE8xvGa/540LkZlkaUjO4ailYTFtHVQ==",
      "requires": {
        "debug": "=3.1.0"
      }
    },
    "form-data": {
      "version": "2.5.1",
      "resolved": "https://registry.npmjs.org/form-data/-/form-data-2.5.1.tgz",
      "integrity": "sha512-m21N3WOmEEURgk6B9GLOE4RuWOFf28Lhh9qGYeNlGq4VDXUlJy2th2slBNU8Gp8EzloYZOibZJ7t5ecIrFSjVA==",
      "requires": {
        "asynckit": "^0.4.0",
        "combined-stream": "^1.0.6",
        "mime-types": "^2.1.12"
      }
    },
    "hast-util-embedded": {
      "version": "1.0.5",
      "resolved": "https://registry.npm.taobao.org/hast-util-embedded/download/hast-util-embedded-1.0.5.tgz",
      "integrity": "sha1-2uuE/61nza9RF89kzA4T3l8Iibg=",
      "requires": {
        "hast-util-is-element": "^1.0.0"
      }
    },
    "hast-util-from-parse5": {
      "version": "6.0.0",
      "resolved": "https://registry.npm.taobao.org/hast-util-from-parse5/download/hast-util-from-parse5-6.0.0.tgz",
      "integrity": "sha1-s4eTyB4amfX9WSpKiPwnMdzNDzA=",
      "requires": {
        "@types/parse5": "^5.0.0",
        "ccount": "^1.0.0",
        "hastscript": "^5.0.0",
        "property-information": "^5.0.0",
        "vfile": "^4.0.0",
        "web-namespaces": "^1.0.0"
      }
    },
    "hast-util-has-property": {
      "version": "1.0.4",
      "resolved": "https://registry.npm.taobao.org/hast-util-has-property/download/hast-util-has-property-1.0.4.tgz",
      "integrity": "sha1-nxN1ZfrWCCUks4LB59fTPKUFnzY="
    },
    "hast-util-is-element": {
      "version": "1.0.4",
      "resolved": "https://registry.npm.taobao.org/hast-util-is-element/download/hast-util-is-element-1.0.4.tgz",
      "integrity": "sha1-BZCQoFzALidd8a0CyvjLQi/NLgI="
    },
    "hast-util-parse-selector": {
      "version": "2.2.4",
      "resolved": "https://registry.npm.taobao.org/hast-util-parse-selector/download/hast-util-parse-selector-2.2.4.tgz",
      "integrity": "sha1-YMmdC1GeEqtO0y5Y8VDsP2HtGXQ="
    },
    "hast-util-to-mdast": {
      "version": "7.1.1",
      "resolved": "https://registry.npm.taobao.org/hast-util-to-mdast/download/hast-util-to-mdast-7.1.1.tgz",
      "integrity": "sha1-H8RED8ZwJzoacEFYS+COW7HQN6w=",
      "requires": {
        "extend": "^3.0.0",
        "hast-util-has-property": "^1.0.0",
        "hast-util-is-element": "^1.0.0",
        "hast-util-to-text": "^2.0.0",
        "mdast-util-phrasing": "^2.0.0",
        "mdast-util-to-string": "^1.0.0",
        "rehype-minify-whitespace": "^4.0.3",
        "repeat-string": "^1.6.1",
        "trim-trailing-lines": "^1.1.0",
        "unist-util-visit": "^2.0.0",
        "xtend": "^4.0.1"
      }
    },
    "hast-util-to-text": {
      "version": "2.0.0",
      "resolved": "https://registry.npm.taobao.org/hast-util-to-text/download/hast-util-to-text-2.0.0.tgz",
      "integrity": "sha1-xZr6h5gUXBDUDC80+SkA9N/IrGk=",
      "requires": {
        "hast-util-is-element": "^1.0.0",
        "repeat-string": "^1.0.0",
        "unist-util-find-after": "^3.0.0"
      }
    },
    "hast-util-whitespace": {
      "version": "1.0.4",
      "resolved": "https://registry.npm.taobao.org/hast-util-whitespace/download/hast-util-whitespace-1.0.4.tgz",
      "integrity": "sha1-5P53xKmuHLLmwl4C3wBD0BZPbkE="
    },
    "hastscript": {
      "version": "5.1.2",
      "resolved": "https://registry.npm.taobao.org/hastscript/download/hastscript-5.1.2.tgz",
      "integrity": "sha1-veLC5W0Exi3SToxd8ojQUKNV+4o=",
      "requires": {
        "comma-separated-tokens": "^1.0.0",
        "hast-util-parse-selector": "^2.0.0",
        "property-information": "^5.0.0",
        "space-separated-tokens": "^1.0.0"
      }
    },
    "inherits": {
      "version": "2.0.4",
      "resolved": "https://registry.npm.taobao.org/inherits/download/inherits-2.0.4.tgz",
      "integrity": "sha1-D6LGT5MpF8NDOg3tVTY6rjdBa3w="
    },
    "is-alphabetical": {
      "version": "1.0.4",
      "resolved": "https://registry.npm.taobao.org/is-alphabetical/download/is-alphabetical-1.0.4.tgz",
      "integrity": "sha1-nn1rlJFr4iFTdF0YTCmMv5hqaG0="
    },
    "is-alphanumeric": {
      "version": "1.0.0",
      "resolved": "https://registry.npm.taobao.org/is-alphanumeric/download/is-alphanumeric-1.0.0.tgz",
      "integrity": "sha1-Spzvcdr0wAHB2B1j0UDPU/1oifQ="
    },
    "is-alphanumerical": {
      "version": "1.0.4",
      "resolved": "https://registry.npm.taobao.org/is-alphanumerical/download/is-alphanumerical-1.0.4.tgz",
      "integrity": "sha1-frmiQx+FX2se8aeOMm31FWlsTb8=",
      "requires": {
        "is-alphabetical": "^1.0.0",
        "is-decimal": "^1.0.0"
      }
    },
    "is-buffer": {
      "version": "2.0.3",
      "resolved": "https://registry.npmjs.org/is-buffer/-/is-buffer-2.0.3.tgz",
      "integrity": "sha512-U15Q7MXTuZlrbymiz95PJpZxu8IlipAp4dtS3wOdgPXx3mqBnslrWU14kxfHB+Py/+2PVKSr37dMAgM2A4uArw=="
    },
    "is-decimal": {
      "version": "1.0.4",
      "resolved": "https://registry.npm.taobao.org/is-decimal/download/is-decimal-1.0.4.tgz",
      "integrity": "sha1-ZaOllYocW2OnBuGzM9fNn2MNP6U="
    },
    "is-hexadecimal": {
      "version": "1.0.4",
      "resolved": "https://registry.npm.taobao.org/is-hexadecimal/download/is-hexadecimal-1.0.4.tgz",
      "integrity": "sha1-zDXJdYjaS9Saju3WvECC1E3LI6c="
    },
    "is-plain-obj": {
      "version": "2.1.0",
      "resolved": "https://registry.npm.taobao.org/is-plain-obj/download/is-plain-obj-2.1.0.tgz?cache=0&sync_timestamp=1579602956062&other_urls=https%3A%2F%2Fregistry.npm.taobao.org%2Fis-plain-obj%2Fdownload%2Fis-plain-obj-2.1.0.tgz",
      "integrity": "sha1-ReQuN/zPH0Dajl927iFRWEDAkoc="
    },
    "is-whitespace-character": {
      "version": "1.0.4",
      "resolved": "https://registry.npm.taobao.org/is-whitespace-character/download/is-whitespace-character-1.0.4.tgz",
      "integrity": "sha1-CFjt2UqVWUx8ndC1wXTsbkXuSqc="
    },
    "lodash": {
      "version": "4.17.15",
      "resolved": "https://registry.npmjs.org/lodash/-/lodash-4.17.15.tgz",
      "integrity": "sha512-8xOcRHvCjnocdS5cpwXQXVzmmh5e5+saE2QGoeQmbKmRS6J3VQppPOIt0MnmE+4xlZoumy0GPG0D0MVIQbNA1A=="
    },
    "longest-streak": {
      "version": "2.0.4",
      "resolved": "https://registry.npm.taobao.org/longest-streak/download/longest-streak-2.0.4.tgz",
      "integrity": "sha1-uFmZV9pbXatk3uP+MW+ndFl9kOQ="
    },
    "markdown-escapes": {
      "version": "1.0.4",
      "resolved": "https://registry.npm.taobao.org/markdown-escapes/download/markdown-escapes-1.0.4.tgz",
      "integrity": "sha1-yVQV70UUmddgK5EJXzyOiXX3hTU="
    },
    "markdown-table": {
      "version": "2.0.0",
      "resolved": "https://registry.npm.taobao.org/markdown-table/download/markdown-table-2.0.0.tgz",
      "integrity": "sha1-GUqQztJtMf51PYuUNEMCFMARhls=",
      "requires": {
        "repeat-string": "^1.0.0"
      }
    },
    "mdast-util-compact": {
      "version": "2.0.1",
      "resolved": "https://registry.npm.taobao.org/mdast-util-compact/download/mdast-util-compact-2.0.1.tgz?cache=0&sync_timestamp=1582382324788&other_urls=https%3A%2F%2Fregistry.npm.taobao.org%2Fmdast-util-compact%2Fdownload%2Fmdast-util-compact-2.0.1.tgz",
      "integrity": "sha1-yrxpovQxA2KDJvNbGs9zXVXJlJA=",
      "requires": {
        "unist-util-visit": "^2.0.0"
      }
    },
    "mdast-util-phrasing": {
      "version": "2.0.0",
      "resolved": "https://registry.npm.taobao.org/mdast-util-phrasing/download/mdast-util-phrasing-2.0.0.tgz",
      "integrity": "sha1-V+YfK+kIvp9fzlT8wvpZNoeYYmc=",
      "requires": {
        "unist-util-is": "^4.0.0"
      }
    },
    "mdast-util-to-string": {
      "version": "1.1.0",
      "resolved": "https://registry.npm.taobao.org/mdast-util-to-string/download/mdast-util-to-string-1.1.0.tgz",
      "integrity": "sha1-JwVVABA/UWN70H0B2gHrGWekNSc="
    },
    "mime-db": {
      "version": "1.40.0",
      "resolved": "https://registry.npmjs.org/mime-db/-/mime-db-1.40.0.tgz",
      "integrity": "sha512-jYdeOMPy9vnxEqFRRo6ZvTZ8d9oPb+k18PKoYNYUe2stVEBPPwsln/qWzdbmaIvnhZ9v2P+CuecK+fpUfsV2mA=="
    },
    "mime-types": {
      "version": "2.1.24",
      "resolved": "https://registry.npmjs.org/mime-types/-/mime-types-2.1.24.tgz",
      "integrity": "sha512-WaFHS3MCl5fapm3oLxU4eYDw77IQM2ACcxQ9RIxfaC3ooc6PFuBMGZZsYpvoXS5D5QTWPieo1jjLdAm3TBP3cQ==",
      "requires": {
        "mime-db": "1.40.0"
      }
    },
    "ms": {
      "version": "2.0.0",
      "resolved": "https://registry.npmjs.org/ms/-/ms-2.0.0.tgz",
      "integrity": "sha1-VgiurfwAvmwpAd9fmGF4jeDVl8g="
    },
    "parse-entities": {
      "version": "2.0.0",
      "resolved": "https://registry.npm.taobao.org/parse-entities/download/parse-entities-2.0.0.tgz",
      "integrity": "sha1-U8brW5MUofTsmfoP33zgHs2gy+g=",
      "requires": {
        "character-entities": "^1.0.0",
        "character-entities-legacy": "^1.0.0",
        "character-reference-invalid": "^1.0.0",
        "is-alphanumerical": "^1.0.0",
        "is-decimal": "^1.0.0",
        "is-hexadecimal": "^1.0.0"
      }
    },
    "parse5": {
      "version": "6.0.0",
      "resolved": "https://registry.npm.taobao.org/parse5/download/parse5-6.0.0.tgz?cache=0&sync_timestamp=1586991218581&other_urls=https%3A%2F%2Fregistry.npm.taobao.org%2Fparse5%2Fdownload%2Fparse5-6.0.0.tgz",
      "integrity": "sha1-0qw0SCichLSZR9SaOfe+9iAPpro="
    },
    "property-information": {
      "version": "5.5.0",
      "resolved": "https://registry.npm.taobao.org/property-information/download/property-information-5.5.0.tgz",
      "integrity": "sha1-TcB11JMGGoLit9CW9Abgdu2FmUM=",
      "requires": {
        "xtend": "^4.0.0"
      }
    },
    "rehype-minify-whitespace": {
      "version": "4.0.3",
      "resolved": "https://registry.npm.taobao.org/rehype-minify-whitespace/download/rehype-minify-whitespace-4.0.3.tgz",
      "integrity": "sha1-jNMJ8gZp4lx8G38z5FfqvLHD6O8=",
      "requires": {
        "collapse-white-space": "^1.0.0",
        "hast-util-embedded": "^1.0.0",
        "hast-util-is-element": "^1.0.0",
        "hast-util-whitespace": "^1.0.4",
        "unist-util-is": "^4.0.0"
      }
    },
    "rehype-parse": {
      "version": "7.0.0",
      "resolved": "https://registry.npm.taobao.org/rehype-parse/download/rehype-parse-7.0.0.tgz",
      "integrity": "sha1-elb63ApySFcjmMRY0q6/Q3gzmWU=",
      "requires": {
        "hast-util-from-parse5": "^6.0.0",
        "parse5": "^6.0.0"
      }
    },
    "remark-stringify": {
      "version": "8.1.0",
      "resolved": "https://registry.npm.taobao.org/remark-stringify/download/remark-stringify-8.1.0.tgz",
      "integrity": "sha1-HlVfRALkRcNk+yPRL8X14DN+yLc=",
      "requires": {
        "ccount": "^1.0.0",
        "is-alphanumeric": "^1.0.0",
        "is-decimal": "^1.0.0",
        "is-whitespace-character": "^1.0.0",
        "longest-streak": "^2.0.1",
        "markdown-escapes": "^1.0.0",
        "markdown-table": "^2.0.0",
        "mdast-util-compact": "^2.0.0",
        "parse-entities": "^2.0.0",
        "repeat-string": "^1.5.4",
        "state-toggle": "^1.0.0",
        "stringify-entities": "^3.0.0",
        "unherit": "^1.0.4",
        "xtend": "^4.0.1"
      }
    },
    "repeat-string": {
      "version": "1.6.1",
      "resolved": "https://registry.npm.taobao.org/repeat-string/download/repeat-string-1.6.1.tgz",
      "integrity": "sha1-jcrkcOHIirwtYA//Sndihtp15jc="
    },
    "replace-ext": {
      "version": "1.0.0",
      "resolved": "https://registry.npm.taobao.org/replace-ext/download/replace-ext-1.0.0.tgz?cache=0&other_urls=https%3A%2F%2Fregistry.npm.taobao.org%2Freplace-ext%2Fdownload%2Freplace-ext-1.0.0.tgz",
      "integrity": "sha1-3mMSg3P8v3w8z6TeWkgMRaZ5WOs="
    },
    "space-separated-tokens": {
      "version": "1.1.5",
      "resolved": "https://registry.npm.taobao.org/space-separated-tokens/download/space-separated-tokens-1.1.5.tgz",
      "integrity": "sha1-hfMsPRDZaCAH6RdBTdxcJtGqaJk="
    },
    "state-toggle": {
      "version": "1.0.3",
      "resolved": "https://registry.npm.taobao.org/state-toggle/download/state-toggle-1.0.3.tgz",
      "integrity": "sha1-4SOxaojhQxObCcaFIiG8mBWRff4="
    },
    "stringify-entities": {
      "version": "3.0.1",
      "resolved": "https://registry.npm.taobao.org/stringify-entities/download/stringify-entities-3.0.1.tgz",
      "integrity": "sha1-MhVLkShqsIaassB2liI70jttv8A=",
      "requires": {
        "character-entities-html4": "^1.0.0",
        "character-entities-legacy": "^1.0.0",
        "is-alphanumerical": "^1.0.0",
        "is-decimal": "^1.0.2",
        "is-hexadecimal": "^1.0.0"
      }
    },
    "trim-trailing-lines": {
      "version": "1.1.3",
      "resolved": "https://registry.npm.taobao.org/trim-trailing-lines/download/trim-trailing-lines-1.1.3.tgz",
      "integrity": "sha1-fwc5iB/3Zle3d24Qh0EoAEtiWpQ="
    },
    "trough": {
      "version": "1.0.5",
      "resolved": "https://registry.npm.taobao.org/trough/download/trough-1.0.5.tgz",
      "integrity": "sha1-uLY5zvrX0LsqvTfUM/+Ck++l9AY="
    },
    "unherit": {
      "version": "1.1.3",
      "resolved": "https://registry.npm.taobao.org/unherit/download/unherit-1.1.3.tgz",
      "integrity": "sha1-bJtQPytBsmIzDIDpHIYUq9qmnCI=",
      "requires": {
        "inherits": "^2.0.0",
        "xtend": "^4.0.0"
      }
    },
    "unified": {
      "version": "9.0.0",
      "resolved": "https://registry.npm.taobao.org/unified/download/unified-9.0.0.tgz?cache=0&sync_timestamp=1585549396101&other_urls=https%3A%2F%2Fregistry.npm.taobao.org%2Funified%2Fdownload%2Funified-9.0.0.tgz",
      "integrity": "sha1-ErCZ+X7os2eS260T0njuL2lu7R0=",
      "requires": {
        "bail": "^1.0.0",
        "extend": "^3.0.0",
        "is-buffer": "^2.0.0",
        "is-plain-obj": "^2.0.0",
        "trough": "^1.0.0",
        "vfile": "^4.0.0"
      }
    },
    "unist-util-find-after": {
      "version": "3.0.0",
      "resolved": "https://registry.npm.taobao.org/unist-util-find-after/download/unist-util-find-after-3.0.0.tgz",
      "integrity": "sha1-XGX86/ZNT49JbbRvqP0PvzVLQ+Y=",
      "requires": {
        "unist-util-is": "^4.0.0"
      }
    },
    "unist-util-is": {
      "version": "4.0.2",
      "resolved": "https://registry.npm.taobao.org/unist-util-is/download/unist-util-is-4.0.2.tgz",
      "integrity": "sha1-x9E0EYiqnOWzz/U4lY3piV8Upd4="
    },
    "unist-util-stringify-position": {
      "version": "2.0.3",
      "resolved": "https://registry.npm.taobao.org/unist-util-stringify-position/download/unist-util-stringify-position-2.0.3.tgz",
      "integrity": "sha1-zOO/oc34W6c3XR1bF73Eytqb2do=",
      "requires": {
        "@types/unist": "^2.0.2"
      }
    },
    "unist-util-visit": {
      "version": "2.0.2",
      "resolved": "https://registry.npm.taobao.org/unist-util-visit/download/unist-util-visit-2.0.2.tgz",
      "integrity": "sha1-OEN4KlF949I1e0wZOySvLZNmr7c=",
      "requires": {
        "@types/unist": "^2.0.0",
        "unist-util-is": "^4.0.0",
        "unist-util-visit-parents": "^3.0.0"
      }
    },
    "unist-util-visit-parents": {
      "version": "3.0.2",
      "resolved": "https://registry.npm.taobao.org/unist-util-visit-parents/download/unist-util-visit-parents-3.0.2.tgz?cache=0&sync_timestamp=1581962246267&other_urls=https%3A%2F%2Fregistry.npm.taobao.org%2Funist-util-visit-parents%2Fdownload%2Funist-util-visit-parents-3.0.2.tgz",
      "integrity": "sha1-1Adq8wEXOccdLOmdBd431UX0NR0=",
      "requires": {
        "@types/unist": "^2.0.0",
        "unist-util-is": "^4.0.0"
      }
    },
    "vfile": {
      "version": "4.1.1",
      "resolved": "https://registry.npm.taobao.org/vfile/download/vfile-4.1.1.tgz?cache=0&sync_timestamp=1589621745200&other_urls=https%3A%2F%2Fregistry.npm.taobao.org%2Fvfile%2Fdownload%2Fvfile-4.1.1.tgz",
      "integrity": "sha1-KC0ozrtgkYOsUXAwAbwYs+Pxfek=",
      "requires": {
        "@types/unist": "^2.0.0",
        "is-buffer": "^2.0.0",
        "replace-ext": "1.0.0",
        "unist-util-stringify-position": "^2.0.0",
        "vfile-message": "^2.0.0"
      }
    },
    "vfile-message": {
      "version": "2.0.4",
      "resolved": "https://registry.npm.taobao.org/vfile-message/download/vfile-message-2.0.4.tgz?cache=0&sync_timestamp=1585510018947&other_urls=https%3A%2F%2Fregistry.npm.taobao.org%2Fvfile-message%2Fdownload%2Fvfile-message-2.0.4.tgz",
      "integrity": "sha1-W0O4gXHUCerlhHfRPyPdQdUsNxo=",
      "requires": {
        "@types/unist": "^2.0.0",
        "unist-util-stringify-position": "^2.0.0"
      }
    },
    "web-namespaces": {
      "version": "1.1.4",
      "resolved": "https://registry.npm.taobao.org/web-namespaces/download/web-namespaces-1.1.4.tgz",
      "integrity": "sha1-vJij3mDa3X+u/EA9EHbVKfXgMOw="
    },
    "xtend": {
      "version": "4.0.2",
      "resolved": "https://registry.npm.taobao.org/xtend/download/xtend-4.0.2.tgz",
      "integrity": "sha1-u3J3n1+kZRhrH0OPZ0+jR/2121Q="
    }
  }
}
